
Microsoft Visual Studio Solution File, Format Version 12.00
# Visual Studio Version 16
VisualStudioVersion = 16.0.30320.27
MinimumVisualStudioVersion = 10.0.40219.1
Project("{9A19103F-16F7-4668-BE54-9A1E7A4F7556}") = "BookStore-API", "BookStore-API\BookStore-API.csproj", "{66D22011-9B30-41E5-8685-218580D51731}"
EndProject
Global
	GlobalSection(SolutionConfigurationPlatforms) = preSolution
		Debug|Any CPU = Debug|Any CPU
		Release|Any CPU = Release|Any CPU
	EndGlobalSection
	GlobalSection(ProjectConfigurationPlatforms) = postSolution
		{66D22011-9B30-41E5-8685-218580D51731}.Debug|Any CPU.ActiveCfg = Debug|Any CPU
		{66D22011-9B30-41E5-8685-218580D51731}.Debug|Any CPU.Build.0 = Debug|Any CPU
		{66D22011-9B30-41E5-8685-218580D51731}.Release|Any CPU.ActiveCfg = Release|Any CPU
		{66D22011-9B30-41E5-8685-218580D51731}.Release|Any CPU.Build.0 = Release|Any CPU
	EndGlobalSection
	GlobalSection(SolutionProperties) = preSolution
		HideSolutionNode = FALSE
	EndGlobalSection
	GlobalSection(ExtensibilityGlobals) = postSolution
		SolutionGuid = {6832F759-2994-40E5-81D5-45FB50336698}
	EndGlobalSection
EndGlobal
